
Microsoft Visual Studio Solution File, Format Version 12.00
# Visual Studio Version 17
VisualStudioVersion = 17.2.32516.85
MinimumVisualStudioVersion = 10.0.40219.1
Project("{FAE04EC0-301F-11D3-BF4B-00C04F79EFBC}") = "Proovitöö", "Proovitöö\Proovitöö.csproj", "{47F38057-DD8E-45D8-8C66-273C9774FF59}"
EndProject
Global
	GlobalSection(SolutionConfigurationPlatforms) = preSolution
		Debug|Any CPU = Debug|Any CPU
		Release|Any CPU = Release|Any CPU
	EndGlobalSection
	GlobalSection(ProjectConfigurationPlatforms) = postSolution
		{47F38057-DD8E-45D8-8C66-273C9774FF59}.Debug|Any CPU.ActiveCfg = Debug|Any CPU
		{47F38057-DD8E-45D8-8C66-273C9774FF59}.Debug|Any CPU.Build.0 = Debug|Any CPU
		{47F38057-DD8E-45D8-8C66-273C9774FF59}.Release|Any CPU.ActiveCfg = Release|Any CPU
		{47F38057-DD8E-45D8-8C66-273C9774FF59}.Release|Any CPU.Build.0 = Release|Any CPU
	EndGlobalSection
	GlobalSection(SolutionProperties) = preSolution
		HideSolutionNode = FALSE
	EndGlobalSection
	GlobalSection(ExtensibilityGlobals) = postSolution
		SolutionGuid = {C88880C0-7AE2-46AC-B05D-BBB6FDC664C7}
	EndGlobalSection
EndGlobal
